
Microsoft Visual Studio Solution File, Format Version 12.00
# Visual Studio Version 17
VisualStudioVersion = 17.7.34018.315
MinimumVisualStudioVersion = 10.0.40219.1
Project("{FAE04EC0-301F-11D3-BF4B-00C04F79EFBC}") = "TileDesign.Data", "TileDesign.Data\TileDesign.Data.csproj", "{3DEA5444-690F-4015-AF77-5F303F4697F2}"
EndProject
Project("{9A19103F-16F7-4668-BE54-9A1E7A4F7556}") = "TileDesign.Web", "TileDesign.Web\TileDesign.Web.csproj", "{35BCBD48-28FB-44FC-A653-9EC983F768FF}"
EndProject
Global
	GlobalSection(SolutionConfigurationPlatforms) = preSolution
		Debug|Any CPU = Debug|Any CPU
		Release|Any CPU = Release|Any CPU
	EndGlobalSection
	GlobalSection(ProjectConfigurationPlatforms) = postSolution
		{3DEA5444-690F-4015-AF77-5F303F4697F2}.Debug|Any CPU.ActiveCfg = Debug|Any CPU
		{3DEA5444-690F-4015-AF77-5F303F4697F2}.Debug|Any CPU.Build.0 = Debug|Any CPU
		{3DEA5444-690F-4015-AF77-5F303F4697F2}.Release|Any CPU.ActiveCfg = Release|Any CPU
		{3DEA5444-690F-4015-AF77-5F303F4697F2}.Release|Any CPU.Build.0 = Release|Any CPU
		{35BCBD48-28FB-44FC-A653-9EC983F768FF}.Debug|Any CPU.ActiveCfg = Debug|Any CPU
		{35BCBD48-28FB-44FC-A653-9EC983F768FF}.Debug|Any CPU.Build.0 = Debug|Any CPU
		{35BCBD48-28FB-44FC-A653-9EC983F768FF}.Release|Any CPU.ActiveCfg = Release|Any CPU
		{35BCBD48-28FB-44FC-A653-9EC983F768FF}.Release|Any CPU.Build.0 = Release|Any CPU
	EndGlobalSection
	GlobalSection(SolutionProperties) = preSolution
		HideSolutionNode = FALSE
	EndGlobalSection
	GlobalSection(ExtensibilityGlobals) = postSolution
		SolutionGuid = {AB7F609C-6309-48B0-89DE-C7AE3FA5384F}
	EndGlobalSection
EndGlobal
